
Microsoft Visual Studio Solution File, Format Version 12.00
# Visual Studio Version 17
VisualStudioVersion = 17.4.33213.308
MinimumVisualStudioVersion = 10.0.40219.1
Project("{FAE04EC0-301F-11D3-BF4B-00C04F79EFBC}") = "ex4", "ex4.csproj", "{D0120A8F-3B31-4F59-BB0B-72BE8DC84DB8}"
EndProject
Global
	GlobalSection(SolutionConfigurationPlatforms) = preSolution
		Debug|Any CPU = Debug|Any CPU
		Release|Any CPU = Release|Any CPU
	EndGlobalSection
	GlobalSection(ProjectConfigurationPlatforms) = postSolution
		{D0120A8F-3B31-4F59-BB0B-72BE8DC84DB8}.Debug|Any CPU.ActiveCfg = Debug|Any CPU
		{D0120A8F-3B31-4F59-BB0B-72BE8DC84DB8}.Debug|Any CPU.Build.0 = Debug|Any CPU
		{D0120A8F-3B31-4F59-BB0B-72BE8DC84DB8}.Release|Any CPU.ActiveCfg = Release|Any CPU
		{D0120A8F-3B31-4F59-BB0B-72BE8DC84DB8}.Release|Any CPU.Build.0 = Release|Any CPU
	EndGlobalSection
	GlobalSection(SolutionProperties) = preSolution
		HideSolutionNode = FALSE
	EndGlobalSection
	GlobalSection(ExtensibilityGlobals) = postSolution
		SolutionGuid = {87E94293-B586-4BD2-93DF-176FC7019483}
	EndGlobalSection
EndGlobal
